
Microsoft Visual Studio Solution File, Format Version 12.00
# Visual Studio Version 16
VisualStudioVersion = 16.0.30503.244
MinimumVisualStudioVersion = 10.0.40219.1
Project("{FAE04EC0-301F-11D3-BF4B-00C04F79EFBC}") = "Savas.Desktop", "Savas.Desktop\Savas.Desktop.csproj", "{836256E8-7A8E-4AB5-851F-18F4133AC880}"
EndProject
Project("{FAE04EC0-301F-11D3-BF4B-00C04F79EFBC}") = "Savas.Library", "Savas.Library\Savas.Library.csproj", "{0CEAB8BA-F619-47DD-9BF8-1E0B132E80B1}"
EndProject
Global
	GlobalSection(SolutionConfigurationPlatforms) = preSolution
		Debug|Any CPU = Debug|Any CPU
		Release|Any CPU = Release|Any CPU
	EndGlobalSection
	GlobalSection(ProjectConfigurationPlatforms) = postSolution
		{836256E8-7A8E-4AB5-851F-18F4133AC880}.Debug|Any CPU.ActiveCfg = Debug|Any CPU
		{836256E8-7A8E-4AB5-851F-18F4133AC880}.Debug|Any CPU.Build.0 = Debug|Any CPU
		{836256E8-7A8E-4AB5-851F-18F4133AC880}.Release|Any CPU.ActiveCfg = Release|Any CPU
		{836256E8-7A8E-4AB5-851F-18F4133AC880}.Release|Any CPU.Build.0 = Release|Any CPU
		{0CEAB8BA-F619-47DD-9BF8-1E0B132E80B1}.Debug|Any CPU.ActiveCfg = Debug|Any CPU
		{0CEAB8BA-F619-47DD-9BF8-1E0B132E80B1}.Debug|Any CPU.Build.0 = Debug|Any CPU
		{0CEAB8BA-F619-47DD-9BF8-1E0B132E80B1}.Release|Any CPU.ActiveCfg = Release|Any CPU
		{0CEAB8BA-F619-47DD-9BF8-1E0B132E80B1}.Release|Any CPU.Build.0 = Release|Any CPU
	EndGlobalSection
	GlobalSection(SolutionProperties) = preSolution
		HideSolutionNode = FALSE
	EndGlobalSection
	GlobalSection(ExtensibilityGlobals) = postSolution
		SolutionGuid = {F58F43BB-3E04-4181-9D29-882FCEADE67F}
	EndGlobalSection
EndGlobal
